// !$*UTF8*$!
{
	archiveVersion = 1;
	classes = {
	};
	objectVersion = 50;
	objects = {

/* Begin PBXBuildFile section */
		EAB13EAD23547A5D006B8F57 /* AppDelegate.swift in Sources */ = {isa = PBXBuildFile; fileRef = EAB13EAC23547A5D006B8F57 /* AppDelegate.swift */; };
		EAB13EAF23547A5D006B8F57 /* SceneDelegate.swift in Sources */ = {isa = PBXBuildFile; fileRef = EAB13EAE23547A5D006B8F57 /* SceneDelegate.swift */; };
		EAB13EB123547A5D006B8F57 /* FirstViewController.swift in Sources */ = {isa = PBXBuildFile; fileRef = EAB13EB023547A5D006B8F57 /* FirstViewController.swift */; };
		EAB13EB323547A5D006B8F57 /* SecondViewController.swift in Sources */ = {isa = PBXBuildFile; fileRef = EAB13EB223547A5D006B8F57 /* SecondViewController.swift */; };
		EAB13EB623547A5D006B8F57 /* Main.storyboard in Resources */ = {isa = PBXBuildFile; fileRef = EAB13EB423547A5D006B8F57 /* Main.storyboard */; };
		EAB13EB823547A62006B8F57 /* Assets.xcassets in Resources */ = {isa = PBXBuildFile; fileRef = EAB13EB723547A62006B8F57 /* Assets.xcassets */; };
		EAB13EBB23547A62006B8F57 /* LaunchScreen.storyboard in Resources */ = {isa = PBXBuildFile; fileRef = EAB13EB923547A62006B8F57 /* LaunchScreen.storyboard */; };
		EAB13EC323549439006B8F57 /* Cell.swift in Sources */ = {isa = PBXBuildFile; fileRef = EAB13EC223549439006B8F57 /* Cell.swift */; };
/* End PBXBuildFile section */

/* Begin PBXFileReference section */
		EAB13EA923547A5D006B8F57 /* day05.app */ = {isa = PBXFileReference; explicitFileType = wrapper.application; includeInIndex = 0; path = day05.app; sourceTree = BUILT_PRODUCTS_DIR; };
		EAB13EAC23547A5D006B8F57 /* AppDelegate.swift */ = {isa = PBXFileReference; lastKnownFileType = sourcecode.swift; path = AppDelegate.swift; sourceTree = "<group>"; };
		EAB13EAE23547A5D006B8F57 /* SceneDelegate.swift */ = {isa = PBXFileReference; lastKnownFileType = sourcecode.swift; path = SceneDelegate.swift; sourceTree = "<group>"; };
		EAB13EB023547A5D006B8F57 /* FirstViewController.swift */ = {isa = PBXFileReference; lastKnownFileType = sourcecode.swift; path = FirstViewController.swift; sourceTree = "<group>"; };
		EAB13EB223547A5D006B8F57 /* SecondViewController.swift */ = {isa = PBXFileReference; lastKnownFileType = sourcecode.swift; path = SecondViewController.swift; sourceTree = "<group>"; };
		EAB13EB523547A5D006B8F57 /* Base */ = {isa = PBXFileReference; lastKnownFileType = file.storyboard; name = Base; path = Base.lproj/Main.storyboard; sourceTree = "<group>"; };
		EAB13EB723547A62006B8F57 /* Assets.xcassets */ = {isa = PBXFileReference; lastKnownFileType = folder.assetcatalog; path = Assets.xcassets; sourceTree = "<group>"; };
		EAB13EBA23547A62006B8F57 /* Base */ = {isa = PBXFileReference; lastKnownFileType = file.storyboard; name = Base; path = Base.lproj/LaunchScreen.storyboard; sourceTree = "<group>"; };
		EAB13EBC23547A62006B8F57 /* Info.plist */ = {isa = PBXFileReference; lastKnownFileType = text.plist.xml; path = Info.plist; sourceTree = "<group>"; };
		EAB13EC223549439006B8F57 /* Cell.swift */ = {isa = PBXFileReference; lastKnownFileType = sourcecode.swift; path = Cell.swift; sourceTree = "<group>"; };
/* End PBXFileReference section */

/* Begin PBXFrameworksBuildPhase section */
		EAB13EA623547A5D006B8F57 /* Frameworks */ = {
			isa = PBXFrameworksBuildPhase;
			buildActionMask = 2147483647;
			files = (
			);
			runOnlyForDeploymentPostprocessing = 0;
		};
/* End PBXFrameworksBuildPhase section */

/* Begin PBXGroup section */
		EAB13EA023547A5D006B8F57 = {
			isa = PBXGroup;
			children = (
				EAB13EAB23547A5D006B8F57 /* day05 */,
				EAB13EAA23547A5D006B8F57 /* Products */,
			);
			sourceTree = "<group>";
		};
		EAB13EAA23547A5D006B8F57 /* Products */ = {
			isa = PBXGroup;
			children = (
				EAB13EA923547A5D006B8F57 /* day05.app */,
			);
			name = Products;
			sourceTree = "<group>";
		};
		EAB13EAB23547A5D006B8F57 /* day05 */ = {
			isa = PBXGroup;
			children = (
				EAB13EAC23547A5D006B8F57 /* AppDelegate.swift */,
				EAB13EAE23547A5D006B8F57 /* SceneDelegate.swift */,
				EAB13EB023547A5D006B8F57 /* FirstViewController.swift */,
				EAB13EB223547A5D006B8F57 /* SecondViewController.swift */,
				EAB13EB423547A5D006B8F57 /* Main.storyboard */,
				EAB13EB723547A62006B8F57 /* Assets.xcassets */,
				EAB13EB923547A62006B8F57 /* LaunchScreen.storyboard */,
				EAB13EBC23547A62006B8F57 /* Info.plist */,
				EAB13EC223549439006B8F57 /* Cell.swift */,
			);
			path = day05;
			sourceTree = "<group>";
		};
/* End PBXGroup section */

/* Begin PBXNativeTarget section */
		EAB13EA823547A5D006B8F57 /* day05 */ = {
			isa = PBXNativeTarget;
			buildConfigurationList = EAB13EBF23547A62006B8F57 /* Build configuration list for PBXNativeTarget "day05" */;
			buildPhases = (
				EAB13EA523547A5D006B8F57 /* Sources */,
				EAB13EA623547A5D006B8F57 /* Frameworks */,
				EAB13EA723547A5D006B8F57 /* Resources */,
			);
			buildRules = (
			);
			dependencies = (
			);
			name = day05;
			productName = day05;
			productReference = EAB13EA923547A5D006B8F57 /* day05.app */;
			productType = "com.apple.product-type.application";
		};
/* End PBXNativeTarget section */

/* Begin PBXProject section */
		EAB13EA123547A5D006B8F57 /* Project object */ = {
			isa = PBXProject;
			attributes = {
				LastSwiftUpdateCheck = 1100;
				LastUpgradeCheck = 1100;
				ORGANIZATIONNAME = "Harmun Rossouw";
				TargetAttributes = {
					EAB13EA823547A5D006B8F57 = {
						CreatedOnToolsVersion = 11.0;
					};
				};
			};
			buildConfigurationList = EAB13EA423547A5D006B8F57 /* Build configuration list for PBXProject "day05" */;
			compatibilityVersion = "Xcode 9.3";
			developmentRegion = en;
			hasScannedForEncodings = 0;
			knownRegions = (
				en,
				Base,
			);
			mainGroup = EAB13EA023547A5D006B8F57;
			productRefGroup = EAB13EAA23547A5D006B8F57 /* Products */;
			projectDirPath = "";
			projectRoot = "";
			targets = (
				EAB13EA823547A5D006B8F57 /* day05 */,
			);
		};
/* End PBXProject section */

/* Begin PBXResourcesBuildPhase section */
		EAB13EA723547A5D006B8F57 /* Resources */ = {
			isa = PBXResourcesBuildPhase;
			buildActionMask = 2147483647;
			files = (
				EAB13EBB23547A62006B8F57 /* LaunchScreen.storyboard in Resources */,
				EAB13EB823547A62006B8F57 /* Assets.xcassets in Resources */,
				EAB13EB623547A5D006B8F57 /* Main.storyboard in Resources */,
			);
			runOnlyForDeploymentPostprocessing = 0;
		};
/* End PBXResourcesBuildPhase section */

/* Begin PBXSourcesBuildPhase section */
		EAB13EA523547A5D006B8F57 /* Sources */ = {
			isa = PBXSourcesBuildPhase;
			buildActionMask = 2147483647;
			files = (
				EAB13EB323547A5D006B8F57 /* SecondViewController.swift in Sources */,
				EAB13EB123547A5D006B8F57 /* FirstViewController.swift in Sources */,
				EAB13EC323549439006B8F57 /* Cell.swift in Sources */,
				EAB13EAD23547A5D006B8F57 /* AppDelegate.swift in Sources */,
				EAB13EAF23547A5D006B8F57 /* SceneDelegate.swift in Sources */,
			);
			runOnlyForDeploymentPostprocessing = 0;
		};
/* End PBXSourcesBuildPhase section */

/* Begin PBXVariantGroup section */
		EAB13EB423547A5D006B8F57 /* Main.storyboard */ = {
			isa = PBXVariantGroup;
			children = (
				EAB13EB523547A5D006B8F57 /* Base */,
			);
			name = Main.storyboard;
			sourceTree = "<group>";
		};
		EAB13EB923547A62006B8F57 /* LaunchScreen.storyboard */ = {
			isa = PBXVariantGroup;
			children = (
				EAB13EBA23547A62006B8F57 /* Base */,
			);
			name = LaunchScreen.storyboard;
			sourceTree = "<group>";
		};
/* End PBXVariantGroup section */

/* Begin XCBuildConfiguration section */
		EAB13EBD23547A62006B8F57 /* Debug */ = {
			isa = XCBuildConfiguration;
			buildSettings = {
				ALWAYS_SEARCH_USER_PATHS = NO;
				CLANG_ANALYZER_NONNULL = YES;
				CLANG_ANALYZER_NUMBER_OBJECT_CONVERSION = YES_AGGRESSIVE;
				CLANG_CXX_LANGUAGE_STANDARD = "gnu++14";
				CLANG_CXX_LIBRARY = "libc++";
				CLANG_ENABLE_MODULES = YES;
				CLANG_ENABLE_OBJC_ARC = YES;
				CLANG_ENABLE_OBJC_WEAK = YES;
				CLANG_WARN_BLOCK_CAPTURE_AUTORELEASING = YES;
				CLANG_WARN_BOOL_CONVERSION = YES;
				CLANG_WARN_COMMA = YES;
				CLANG_WARN_CONSTANT_CONVERSION = YES;
				CLANG_WARN_DEPRECATED_OBJC_IMPLEMENTATIONS = YES;
				CLANG_WARN_DIRECT_OBJC_ISA_USAGE = YES_ERROR;
				CLANG_WARN_DOCUMENTATION_COMMENTS = YES;
				CLANG_WARN_EMPTY_BODY = YES;
				CLANG_WARN_ENUM_CONVERSION = YES;
				CLANG_WARN_INFINITE_RECURSION = YES;
				CLANG_WARN_INT_CONVERSION = YES;
				CLANG_WARN_NON_LITERAL_NULL_CONVERSION = YES;
				CLANG_WARN_OBJC_IMPLICIT_RETAIN_SELF = YES;
				CLANG_WARN_OBJC_LITERAL_CONVERSION = YES;
				CLANG_WARN_OBJC_ROOT_CLASS = YES_ERROR;
				CLANG_WARN_RANGE_LOOP_ANALYSIS = YES;
				CLANG_WARN_STRICT_PROTOTYPES = YES;
				CLANG_WARN_SUSPICIOUS_MOVE = YES;
				CLANG_WARN_UNGUARDED_AVAILABILITY = YES_AGGRESSIVE;
				CLANG_WARN_UNREACHABLE_CODE = YES;
				CLANG_WARN__DUPLICATE_METHOD_MATCH = YES;
				COPY_PHASE_STRIP = NO;
				DEBUG_INFORMATION_FORMAT = dwarf;
				ENABLE_STRICT_OBJC_MSGSEND = YES;
				ENABLE_TESTABILITY = YES;
				GCC_C_LANGUAGE_STANDARD = gnu11;
				GCC_DYNAMIC_NO_PIC = NO;
				GCC_NO_COMMON_BLOCKS = YES;
				GCC_OPTIMIZATION_LEVEL = 0;
				GCC_PREPROCESSOR_DEFINITIONS = (
					"DEBUG=1",
					"$(inherited)",
				);
				GCC_WARN_64_TO_32_BIT_CONVERSION = YES;
				GCC_WARN_ABOUT_RETURN_TYPE = YES_ERROR;
				GCC_WARN_UNDECLARED_SELECTOR = YES;
				GCC_WARN_UNINITIALIZED_AUTOS = YES_AGGRESSIVE;
				GCC_WARN_UNUSED_FUNCTION = YES;
				GCC_WARN_UNUSED_VARIABLE = YES;
				IPHONEOS_DEPLOYMENT_TARGET = 13.0;
				MTL_ENABLE_DEBUG_INFO = INCLUDE_SOURCE;
				MTL_FAST_MATH = YES;
				ONLY_ACTIVE_ARCH = YES;
				SDKROOT = iphoneos;
				SWIFT_ACTIVE_COMPILATION_CONDITIONS = DEBUG;
				SWIFT_OPTIMIZATION_LEVEL = "-Onone";
			};
			name = Debug;
		};
		EAB13EBE23547A62006B8F57 /* Release */ = {
			isa = XCBuildConfiguration;
			buildSettings = {
				ALWAYS_SEARCH_USER_PATHS = NO;
				CLANG_ANALYZER_NONNULL = YES;
				CLANG_ANALYZER_NUMBER_OBJECT_CONVERSION = YES_AGGRESSIVE;
				CLANG_CXX_LANGUAGE_STANDARD = "gnu++14";
				CLANG_CXX_LIBRARY = "libc++";
				CLANG_ENABLE_MODULES = YES;
				CLANG_ENABLE_OBJC_ARC = YES;
				CLANG_ENABLE_OBJC_WEAK = YES;
				CLANG_WARN_BLOCK_CAPTURE_AUTORELEASING = YES;
				CLANG_WARN_BOOL_CONVERSION = YES;
				CLANG_WARN_COMMA = YES;
				CLANG_WARN_CONSTANT_CONVERSION = YES;
				CLANG_WARN_DEPRECATED_OBJC_IMPLEMENTATIONS = YES;
				CLANG_WARN_DIRECT_OBJC_ISA_USAGE = YES_ERROR;
				CLANG_WARN_DOCUMENTATION_COMMENTS = YES;
				CLANG_WARN_EMPTY_BODY = YES;
				CLANG_WARN_ENUM_CONVERSION = YES;
				CLANG_WARN_INFINITE_RECURSION = YES;
				CLANG_WARN_INT_CONVERSION = YES;
				CLANG_WARN_NON_LITERAL_NULL_CONVERSION = YES;
				CLANG_WARN_OBJC_IMPLICIT_RETAIN_SELF = YES;
				CLANG_WARN_OBJC_LITERAL_CONVERSION = YES;
				CLANG_WARN_OBJC_ROOT_CLASS = YES_ERROR;
				CLANG_WARN_RANGE_LOOP_ANALYSIS = YES;
				CLANG_WARN_STRICT_PROTOTYPES = YES;
				CLANG_WARN_SUSPICIOUS_MOVE = YES;
				CLANG_WARN_UNGUARDED_AVAILABILITY = YES_AGGRESSIVE;
				CLANG_WARN_UNREACHABLE_CODE = YES;
				CLANG_WARN__DUPLICATE_METHOD_MATCH = YES;
				COPY_PHASE_STRIP = NO;
				DEBUG_INFORMATION_FORMAT = "dwarf-with-dsym";
				ENABLE_NS_ASSERTIONS = NO;
				ENABLE_STRICT_OBJC_MSGSEND = YES;
				GCC_C_LANGUAGE_STANDARD = gnu11;
				GCC_NO_COMMON_BLOCKS = YES;
				GCC_WARN_64_TO_32_BIT_CONVERSION = YES;
				GCC_WARN_ABOUT_RETURN_TYPE = YES_ERROR;
				GCC_WARN_UNDECLARED_SELECTOR = YES;
				GCC_WARN_UNINITIALIZED_AUTOS = YES_AGGRESSIVE;
				GCC_WARN_UNUSED_FUNCTION = YES;
				GCC_WARN_UNUSED_VARIABLE = YES;
				IPHONEOS_DEPLOYMENT_TARGET = 13.0;
				MTL_ENABLE_DEBUG_INFO = NO;
				MTL_FAST_MATH = YES;
				SDKROOT = iphoneos;
				SWIFT_COMPILATION_MODE = wholemodule;
				SWIFT_OPTIMIZATION_LEVEL = "-O";
				VALIDATE_PRODUCT = YES;
			};
			name = Release;
		};
		EAB13EC023547A62006B8F57 /* Debug */ = {
			isa = XCBuildConfiguration;
			buildSettings = {
				ASSETCATALOG_COMPILER_APPICON_NAME = AppIcon;
				CODE_SIGN_STYLE = Automatic;
				INFOPLIST_FILE = day05/Info.plist;
				LD_RUNPATH_SEARCH_PATHS = (
					"$(inherited)",
					"@executable_path/Frameworks",
				);
				PRODUCT_BUNDLE_IDENTIFIER = HRossouw.day05;
				PRODUCT_NAME = "$(TARGET_NAME)";
				SWIFT_VERSION = 5.0;
				TARGETED_DEVICE_FAMILY = "1,2";
			};
			name = Debug;
		};
		EAB13EC123547A62006B8F57 /* Release */ = {
			isa = XCBuildConfiguration;
			buildSettings = {
				ASSETCATALOG_COMPILER_APPICON_NAME = AppIcon;
				CODE_SIGN_STYLE = Automatic;
				INFOPLIST_FILE = day05/Info.plist;
				LD_RUNPATH_SEARCH_PATHS = (
					"$(inherited)",
					"@executable_path/Frameworks",
				);
				PRODUCT_BUNDLE_IDENTIFIER = HRossouw.day05;
				PRODUCT_NAME = "$(TARGET_NAME)";
				SWIFT_VERSION = 5.0;
				TARGETED_DEVICE_FAMILY = "1,2";
			};
			name = Release;
		};
/* End XCBuildConfiguration section */

/* Begin XCConfigurationList section */
		EAB13EA423547A5D006B8F57 /* Build configuration list for PBXProject "day05" */ = {
			isa = XCConfigurationList;
			buildConfigurations = (
				EAB13EBD23547A62006B8F57 /* Debug */,
				EAB13EBE23547A62006B8F57 /* Release */,
			);
			defaultConfigurationIsVisible = 0;
			defaultConfigurationName = Release;
		};
		EAB13EBF23547A62006B8F57 /* Build configuration list for PBXNativeTarget "day05" */ = {
			isa = XCConfigurationList;
			buildConfigurations = (
				EAB13EC023547A62006B8F57 /* Debug */,
				EAB13EC123547A62006B8F57 /* Release */,
			);
			defaultConfigurationIsVisible = 0;
			defaultConfigurationName = Release;
		};
/* End XCConfigurationList section */
	};
	rootObject = EAB13EA123547A5D006B8F57 /* Project object */;
}
