// !$*UTF8*$!
{
	archiveVersion = 1;
	classes = {
	};
	objectVersion = 50;
	objects = {

/* Begin PBXBuildFile section */
		EA609D952351BD7F002F3B36 /* AppDelegate.swift in Sources */ = {isa = PBXBuildFile; fileRef = EA609D942351BD7F002F3B36 /* AppDelegate.swift */; };
		EA609D972351BD7F002F3B36 /* SceneDelegate.swift in Sources */ = {isa = PBXBuildFile; fileRef = EA609D962351BD7F002F3B36 /* SceneDelegate.swift */; };
		EA609D992351BD7F002F3B36 /* ViewController.swift in Sources */ = {isa = PBXBuildFile; fileRef = EA609D982351BD7F002F3B36 /* ViewController.swift */; };
		EA609D9C2351BD7F002F3B36 /* Main.storyboard in Resources */ = {isa = PBXBuildFile; fileRef = EA609D9A2351BD7F002F3B36 /* Main.storyboard */; };
		EA609D9E2351BD80002F3B36 /* Assets.xcassets in Resources */ = {isa = PBXBuildFile; fileRef = EA609D9D2351BD80002F3B36 /* Assets.xcassets */; };
		EA609DA12351BD80002F3B36 /* LaunchScreen.storyboard in Resources */ = {isa = PBXBuildFile; fileRef = EA609D9F2351BD80002F3B36 /* LaunchScreen.storyboard */; };
		EA609DA9235236D3002F3B36 /* Services.swift in Sources */ = {isa = PBXBuildFile; fileRef = EA609DA8235236D3002F3B36 /* Services.swift */; };
/* End PBXBuildFile section */

/* Begin PBXFileReference section */
		EA609D912351BD7F002F3B36 /* rush00.app */ = {isa = PBXFileReference; explicitFileType = wrapper.application; includeInIndex = 0; path = rush00.app; sourceTree = BUILT_PRODUCTS_DIR; };
		EA609D942351BD7F002F3B36 /* AppDelegate.swift */ = {isa = PBXFileReference; lastKnownFileType = sourcecode.swift; path = AppDelegate.swift; sourceTree = "<group>"; };
		EA609D962351BD7F002F3B36 /* SceneDelegate.swift */ = {isa = PBXFileReference; lastKnownFileType = sourcecode.swift; path = SceneDelegate.swift; sourceTree = "<group>"; };
		EA609D982351BD7F002F3B36 /* ViewController.swift */ = {isa = PBXFileReference; lastKnownFileType = sourcecode.swift; path = ViewController.swift; sourceTree = "<group>"; };
		EA609D9B2351BD7F002F3B36 /* Base */ = {isa = PBXFileReference; lastKnownFileType = file.storyboard; name = Base; path = Base.lproj/Main.storyboard; sourceTree = "<group>"; };
		EA609D9D2351BD80002F3B36 /* Assets.xcassets */ = {isa = PBXFileReference; lastKnownFileType = folder.assetcatalog; path = Assets.xcassets; sourceTree = "<group>"; };
		EA609DA02351BD80002F3B36 /* Base */ = {isa = PBXFileReference; lastKnownFileType = file.storyboard; name = Base; path = Base.lproj/LaunchScreen.storyboard; sourceTree = "<group>"; };
		EA609DA22351BD80002F3B36 /* Info.plist */ = {isa = PBXFileReference; lastKnownFileType = text.plist.xml; path = Info.plist; sourceTree = "<group>"; };
		EA609DA8235236D3002F3B36 /* Services.swift */ = {isa = PBXFileReference; lastKnownFileType = sourcecode.swift; path = Services.swift; sourceTree = "<group>"; };
/* End PBXFileReference section */

/* Begin PBXFrameworksBuildPhase section */
		EA609D8E2351BD7F002F3B36 /* Frameworks */ = {
			isa = PBXFrameworksBuildPhase;
			buildActionMask = 2147483647;
			files = (
			);
			runOnlyForDeploymentPostprocessing = 0;
		};
/* End PBXFrameworksBuildPhase section */

/* Begin PBXGroup section */
		EA609D882351BD7F002F3B36 = {
			isa = PBXGroup;
			children = (
				EA609D932351BD7F002F3B36 /* rush00 */,
				EA609D922351BD7F002F3B36 /* Products */,
			);
			sourceTree = "<group>";
		};
		EA609D922351BD7F002F3B36 /* Products */ = {
			isa = PBXGroup;
			children = (
				EA609D912351BD7F002F3B36 /* rush00.app */,
			);
			name = Products;
			sourceTree = "<group>";
		};
		EA609D932351BD7F002F3B36 /* rush00 */ = {
			isa = PBXGroup;
			children = (
				EA609D942351BD7F002F3B36 /* AppDelegate.swift */,
				EA609D962351BD7F002F3B36 /* SceneDelegate.swift */,
				EA609D982351BD7F002F3B36 /* ViewController.swift */,
				EA609D9A2351BD7F002F3B36 /* Main.storyboard */,
				EA609D9D2351BD80002F3B36 /* Assets.xcassets */,
				EA609D9F2351BD80002F3B36 /* LaunchScreen.storyboard */,
				EA609DA22351BD80002F3B36 /* Info.plist */,
				EA609DA8235236D3002F3B36 /* Services.swift */,
			);
			path = rush00;
			sourceTree = "<group>";
		};
/* End PBXGroup section */

/* Begin PBXNativeTarget section */
		EA609D902351BD7F002F3B36 /* rush00 */ = {
			isa = PBXNativeTarget;
			buildConfigurationList = EA609DA52351BD80002F3B36 /* Build configuration list for PBXNativeTarget "rush00" */;
			buildPhases = (
				EA609D8D2351BD7F002F3B36 /* Sources */,
				EA609D8E2351BD7F002F3B36 /* Frameworks */,
				EA609D8F2351BD7F002F3B36 /* Resources */,
			);
			buildRules = (
			);
			dependencies = (
			);
			name = rush00;
			productName = rush00;
			productReference = EA609D912351BD7F002F3B36 /* rush00.app */;
			productType = "com.apple.product-type.application";
		};
/* End PBXNativeTarget section */

/* Begin PBXProject section */
		EA609D892351BD7F002F3B36 /* Project object */ = {
			isa = PBXProject;
			attributes = {
				LastSwiftUpdateCheck = 1100;
				LastUpgradeCheck = 1100;
				ORGANIZATIONNAME = "Harmun Rossouw";
				TargetAttributes = {
					EA609D902351BD7F002F3B36 = {
						CreatedOnToolsVersion = 11.0;
					};
				};
			};
			buildConfigurationList = EA609D8C2351BD7F002F3B36 /* Build configuration list for PBXProject "rush00" */;
			compatibilityVersion = "Xcode 9.3";
			developmentRegion = en;
			hasScannedForEncodings = 0;
			knownRegions = (
				en,
				Base,
			);
			mainGroup = EA609D882351BD7F002F3B36;
			productRefGroup = EA609D922351BD7F002F3B36 /* Products */;
			projectDirPath = "";
			projectRoot = "";
			targets = (
				EA609D902351BD7F002F3B36 /* rush00 */,
			);
		};
/* End PBXProject section */

/* Begin PBXResourcesBuildPhase section */
		EA609D8F2351BD7F002F3B36 /* Resources */ = {
			isa = PBXResourcesBuildPhase;
			buildActionMask = 2147483647;
			files = (
				EA609DA12351BD80002F3B36 /* LaunchScreen.storyboard in Resources */,
				EA609D9E2351BD80002F3B36 /* Assets.xcassets in Resources */,
				EA609D9C2351BD7F002F3B36 /* Main.storyboard in Resources */,
			);
			runOnlyForDeploymentPostprocessing = 0;
		};
/* End PBXResourcesBuildPhase section */

/* Begin PBXSourcesBuildPhase section */
		EA609D8D2351BD7F002F3B36 /* Sources */ = {
			isa = PBXSourcesBuildPhase;
			buildActionMask = 2147483647;
			files = (
				EA609D992351BD7F002F3B36 /* ViewController.swift in Sources */,
				EA609DA9235236D3002F3B36 /* Services.swift in Sources */,
				EA609D952351BD7F002F3B36 /* AppDelegate.swift in Sources */,
				EA609D972351BD7F002F3B36 /* SceneDelegate.swift in Sources */,
			);
			runOnlyForDeploymentPostprocessing = 0;
		};
/* End PBXSourcesBuildPhase section */

/* Begin PBXVariantGroup section */
		EA609D9A2351BD7F002F3B36 /* Main.storyboard */ = {
			isa = PBXVariantGroup;
			children = (
				EA609D9B2351BD7F002F3B36 /* Base */,
			);
			name = Main.storyboard;
			sourceTree = "<group>";
		};
		EA609D9F2351BD80002F3B36 /* LaunchScreen.storyboard */ = {
			isa = PBXVariantGroup;
			children = (
				EA609DA02351BD80002F3B36 /* Base */,
			);
			name = LaunchScreen.storyboard;
			sourceTree = "<group>";
		};
/* End PBXVariantGroup section */

/* Begin XCBuildConfiguration section */
		EA609DA32351BD80002F3B36 /* Debug */ = {
			isa = XCBuildConfiguration;
			buildSettings = {
				ALWAYS_SEARCH_USER_PATHS = NO;
				CLANG_ANALYZER_NONNULL = YES;
				CLANG_ANALYZER_NUMBER_OBJECT_CONVERSION = YES_AGGRESSIVE;
				CLANG_CXX_LANGUAGE_STANDARD = "gnu++14";
				CLANG_CXX_LIBRARY = "libc++";
				CLANG_ENABLE_MODULES = YES;
				CLANG_ENABLE_OBJC_ARC = YES;
				CLANG_ENABLE_OBJC_WEAK = YES;
				CLANG_WARN_BLOCK_CAPTURE_AUTORELEASING = YES;
				CLANG_WARN_BOOL_CONVERSION = YES;
				CLANG_WARN_COMMA = YES;
				CLANG_WARN_CONSTANT_CONVERSION = YES;
				CLANG_WARN_DEPRECATED_OBJC_IMPLEMENTATIONS = YES;
				CLANG_WARN_DIRECT_OBJC_ISA_USAGE = YES_ERROR;
				CLANG_WARN_DOCUMENTATION_COMMENTS = YES;
				CLANG_WARN_EMPTY_BODY = YES;
				CLANG_WARN_ENUM_CONVERSION = YES;
				CLANG_WARN_INFINITE_RECURSION = YES;
				CLANG_WARN_INT_CONVERSION = YES;
				CLANG_WARN_NON_LITERAL_NULL_CONVERSION = YES;
				CLANG_WARN_OBJC_IMPLICIT_RETAIN_SELF = YES;
				CLANG_WARN_OBJC_LITERAL_CONVERSION = YES;
				CLANG_WARN_OBJC_ROOT_CLASS = YES_ERROR;
				CLANG_WARN_RANGE_LOOP_ANALYSIS = YES;
				CLANG_WARN_STRICT_PROTOTYPES = YES;
				CLANG_WARN_SUSPICIOUS_MOVE = YES;
				CLANG_WARN_UNGUARDED_AVAILABILITY = YES_AGGRESSIVE;
				CLANG_WARN_UNREACHABLE_CODE = YES;
				CLANG_WARN__DUPLICATE_METHOD_MATCH = YES;
				COPY_PHASE_STRIP = NO;
				DEBUG_INFORMATION_FORMAT = dwarf;
				ENABLE_STRICT_OBJC_MSGSEND = YES;
				ENABLE_TESTABILITY = YES;
				GCC_C_LANGUAGE_STANDARD = gnu11;
				GCC_DYNAMIC_NO_PIC = NO;
				GCC_NO_COMMON_BLOCKS = YES;
				GCC_OPTIMIZATION_LEVEL = 0;
				GCC_PREPROCESSOR_DEFINITIONS = (
					"DEBUG=1",
					"$(inherited)",
				);
				GCC_WARN_64_TO_32_BIT_CONVERSION = YES;
				GCC_WARN_ABOUT_RETURN_TYPE = YES_ERROR;
				GCC_WARN_UNDECLARED_SELECTOR = YES;
				GCC_WARN_UNINITIALIZED_AUTOS = YES_AGGRESSIVE;
				GCC_WARN_UNUSED_FUNCTION = YES;
				GCC_WARN_UNUSED_VARIABLE = YES;
				IPHONEOS_DEPLOYMENT_TARGET = 13.0;
				MTL_ENABLE_DEBUG_INFO = INCLUDE_SOURCE;
				MTL_FAST_MATH = YES;
				ONLY_ACTIVE_ARCH = YES;
				SDKROOT = iphoneos;
				SWIFT_ACTIVE_COMPILATION_CONDITIONS = DEBUG;
				SWIFT_OPTIMIZATION_LEVEL = "-Onone";
			};
			name = Debug;
		};
		EA609DA42351BD80002F3B36 /* Release */ = {
			isa = XCBuildConfiguration;
			buildSettings = {
				ALWAYS_SEARCH_USER_PATHS = NO;
				CLANG_ANALYZER_NONNULL = YES;
				CLANG_ANALYZER_NUMBER_OBJECT_CONVERSION = YES_AGGRESSIVE;
				CLANG_CXX_LANGUAGE_STANDARD = "gnu++14";
				CLANG_CXX_LIBRARY = "libc++";
				CLANG_ENABLE_MODULES = YES;
				CLANG_ENABLE_OBJC_ARC = YES;
				CLANG_ENABLE_OBJC_WEAK = YES;
				CLANG_WARN_BLOCK_CAPTURE_AUTORELEASING = YES;
				CLANG_WARN_BOOL_CONVERSION = YES;
				CLANG_WARN_COMMA = YES;
				CLANG_WARN_CONSTANT_CONVERSION = YES;
				CLANG_WARN_DEPRECATED_OBJC_IMPLEMENTATIONS = YES;
				CLANG_WARN_DIRECT_OBJC_ISA_USAGE = YES_ERROR;
				CLANG_WARN_DOCUMENTATION_COMMENTS = YES;
				CLANG_WARN_EMPTY_BODY = YES;
				CLANG_WARN_ENUM_CONVERSION = YES;
				CLANG_WARN_INFINITE_RECURSION = YES;
				CLANG_WARN_INT_CONVERSION = YES;
				CLANG_WARN_NON_LITERAL_NULL_CONVERSION = YES;
				CLANG_WARN_OBJC_IMPLICIT_RETAIN_SELF = YES;
				CLANG_WARN_OBJC_LITERAL_CONVERSION = YES;
				CLANG_WARN_OBJC_ROOT_CLASS = YES_ERROR;
				CLANG_WARN_RANGE_LOOP_ANALYSIS = YES;
				CLANG_WARN_STRICT_PROTOTYPES = YES;
				CLANG_WARN_SUSPICIOUS_MOVE = YES;
				CLANG_WARN_UNGUARDED_AVAILABILITY = YES_AGGRESSIVE;
				CLANG_WARN_UNREACHABLE_CODE = YES;
				CLANG_WARN__DUPLICATE_METHOD_MATCH = YES;
				COPY_PHASE_STRIP = NO;
				DEBUG_INFORMATION_FORMAT = "dwarf-with-dsym";
				ENABLE_NS_ASSERTIONS = NO;
				ENABLE_STRICT_OBJC_MSGSEND = YES;
				GCC_C_LANGUAGE_STANDARD = gnu11;
				GCC_NO_COMMON_BLOCKS = YES;
				GCC_WARN_64_TO_32_BIT_CONVERSION = YES;
				GCC_WARN_ABOUT_RETURN_TYPE = YES_ERROR;
				GCC_WARN_UNDECLARED_SELECTOR = YES;
				GCC_WARN_UNINITIALIZED_AUTOS = YES_AGGRESSIVE;
				GCC_WARN_UNUSED_FUNCTION = YES;
				GCC_WARN_UNUSED_VARIABLE = YES;
				IPHONEOS_DEPLOYMENT_TARGET = 13.0;
				MTL_ENABLE_DEBUG_INFO = NO;
				MTL_FAST_MATH = YES;
				SDKROOT = iphoneos;
				SWIFT_COMPILATION_MODE = wholemodule;
				SWIFT_OPTIMIZATION_LEVEL = "-O";
				VALIDATE_PRODUCT = YES;
			};
			name = Release;
		};
		EA609DA62351BD80002F3B36 /* Debug */ = {
			isa = XCBuildConfiguration;
			buildSettings = {
				ASSETCATALOG_COMPILER_APPICON_NAME = AppIcon;
				CODE_SIGN_STYLE = Automatic;
				INFOPLIST_FILE = rush00/Info.plist;
				LD_RUNPATH_SEARCH_PATHS = (
					"$(inherited)",
					"@executable_path/Frameworks",
				);
				PRODUCT_BUNDLE_IDENTIFIER = HRossouw.rush00;
				PRODUCT_NAME = "$(TARGET_NAME)";
				SWIFT_VERSION = 5.0;
				TARGETED_DEVICE_FAMILY = "1,2";
			};
			name = Debug;
		};
		EA609DA72351BD80002F3B36 /* Release */ = {
			isa = XCBuildConfiguration;
			buildSettings = {
				ASSETCATALOG_COMPILER_APPICON_NAME = AppIcon;
				CODE_SIGN_STYLE = Automatic;
				INFOPLIST_FILE = rush00/Info.plist;
				LD_RUNPATH_SEARCH_PATHS = (
					"$(inherited)",
					"@executable_path/Frameworks",
				);
				PRODUCT_BUNDLE_IDENTIFIER = HRossouw.rush00;
				PRODUCT_NAME = "$(TARGET_NAME)";
				SWIFT_VERSION = 5.0;
				TARGETED_DEVICE_FAMILY = "1,2";
			};
			name = Release;
		};
/* End XCBuildConfiguration section */

/* Begin XCConfigurationList section */
		EA609D8C2351BD7F002F3B36 /* Build configuration list for PBXProject "rush00" */ = {
			isa = XCConfigurationList;
			buildConfigurations = (
				EA609DA32351BD80002F3B36 /* Debug */,
				EA609DA42351BD80002F3B36 /* Release */,
			);
			defaultConfigurationIsVisible = 0;
			defaultConfigurationName = Release;
		};
		EA609DA52351BD80002F3B36 /* Build configuration list for PBXNativeTarget "rush00" */ = {
			isa = XCConfigurationList;
			buildConfigurations = (
				EA609DA62351BD80002F3B36 /* Debug */,
				EA609DA72351BD80002F3B36 /* Release */,
			);
			defaultConfigurationIsVisible = 0;
			defaultConfigurationName = Release;
		};
/* End XCConfigurationList section */
	};
	rootObject = EA609D892351BD7F002F3B36 /* Project object */;
}
